
Microsoft Visual Studio Solution File, Format Version 12.00
# Visual Studio Version 17
VisualStudioVersion = 17.12.35707.178 d17.12
MinimumVisualStudioVersion = 10.0.40219.1
Project("{FAE04EC0-301F-11D3-BF4B-00C04F79EFBC}") = "HashNCoder", "HashNCoder\HashNCoder.csproj", "{AA78B16B-FE1D-4A5E-8DDD-5136C95BCBDE}"
EndProject
Global
	GlobalSection(SolutionConfigurationPlatforms) = preSolution
		Debug|Any CPU = Debug|Any CPU
		Release|Any CPU = Release|Any CPU
	EndGlobalSection
	GlobalSection(ProjectConfigurationPlatforms) = postSolution
		{AA78B16B-FE1D-4A5E-8DDD-5136C95BCBDE}.Debug|Any CPU.ActiveCfg = Debug|Any CPU
		{AA78B16B-FE1D-4A5E-8DDD-5136C95BCBDE}.Debug|Any CPU.Build.0 = Debug|Any CPU
		{AA78B16B-FE1D-4A5E-8DDD-5136C95BCBDE}.Release|Any CPU.ActiveCfg = Release|Any CPU
		{AA78B16B-FE1D-4A5E-8DDD-5136C95BCBDE}.Release|Any CPU.Build.0 = Release|Any CPU
	EndGlobalSection
	GlobalSection(SolutionProperties) = preSolution
		HideSolutionNode = FALSE
	EndGlobalSection
EndGlobal
